// !$*UTF8*$!
{
	archiveVersion = 1;
	classes = {
	};
	objectVersion = 77;
	objects = {

/* Begin PBXBuildFile section */
		B437BE7C2E1E58FE0045436F /* ContentView.swift in Sources */ = {isa = PBXBuildFile; fileRef = B437BE7B2E1E58FE0045436F /* ContentView.swift */; };
		B437BE862E1E59C40045436F /* Kernel.swift in Sources */ = {isa = PBXBuildFile; fileRef = B437BE852E1E59C40045436F /* Kernel.swift */; };
		B437BE882E1E5DFA0045436F /* PluginHost.swift in Sources */ = {isa = PBXBuildFile; fileRef = B437BE872E1E5DFA0045436F /* PluginHost.swift */; };
		B437BE8A2E1E5E500045436F /* HelloPlugin.swift in Sources */ = {isa = PBXBuildFile; fileRef = B437BE892E1E5E500045436F /* HelloPlugin.swift */; };
		B437BE8C2E1E5F480045436F /* SystemRegistry.swift in Sources */ = {isa = PBXBuildFile; fileRef = B437BE8B2E1E5F480045436F /* SystemRegistry.swift */; };
		B437BE8E2E1E61D20045436F /* ECSCore.swift in Sources */ = {isa = PBXBuildFile; fileRef = B437BE8D2E1E61D20045436F /* ECSCore.swift */; };
		B437BE972E1E8C1F0045436F /* libstorm-macos.a in Frameworks */ = {isa = PBXBuildFile; fileRef = B437BE942E1E8C1F0045436F /* libstorm-macos.a */; platformFilters = (macos, ); };
		B437BE992E1E8C1F0045436F /* libstorm-ios-sim.a in Frameworks */ = {isa = PBXBuildFile; fileRef = B437BE962E1E8C1F0045436F /* libstorm-ios-sim.a */; platformFilter = ios; };
		B437BE9B2E1EA7550045436F /* UIComposer.swift in Sources */ = {isa = PBXBuildFile; fileRef = B437BE9A2E1EA7550045436F /* UIComposer.swift */; };
		B437BE9D2E1EAAB20045436F /* UISchemaView.swift in Sources */ = {isa = PBXBuildFile; fileRef = B437BE9C2E1EAAB20045436F /* UISchemaView.swift */; };
		B437BEA12E1EC2350045436F /* UIScriptRouter.swift in Sources */ = {isa = PBXBuildFile; fileRef = B437BEA02E1EC2350045436F /* UIScriptRouter.swift */; };
		B437BEAA2E1F89810045436F /* StormRuntime.swift in Sources */ = {isa = PBXBuildFile; fileRef = B437BEA92E1F89810045436F /* StormRuntime.swift */; };
		B4838B6F2E2041BF007276FD /* SceneViewContainer.swift in Sources */ = {isa = PBXBuildFile; fileRef = B4838B6E2E2041BF007276FD /* SceneViewContainer.swift */; };
		B4838B712E204566007276FD /* SceneRendererService.swift in Sources */ = {isa = PBXBuildFile; fileRef = B4838B702E204566007276FD /* SceneRendererService.swift */; };
		B4838B732E205373007276FD /* InteractiveSceneView.swift in Sources */ = {isa = PBXBuildFile; fileRef = B4838B722E205373007276FD /* InteractiveSceneView.swift */; };
		B4838B752E20C880007276FD /* StormMainView.swift in Sources */ = {isa = PBXBuildFile; fileRef = B4838B742E20C880007276FD /* StormMainView.swift */; };
		B4838B772E20C9A3007276FD /* MiniMapView.swift in Sources */ = {isa = PBXBuildFile; fileRef = B4838B762E20C9A3007276FD /* MiniMapView.swift */; };
		B4838B792E20D050007276FD /* AgentDetailCard.swift in Sources */ = {isa = PBXBuildFile; fileRef = B4838B782E20D050007276FD /* AgentDetailCard.swift */; };
		B4838B7B2E20D08B007276FD /* ActionBar.swift in Sources */ = {isa = PBXBuildFile; fileRef = B4838B7A2E20D08B007276FD /* ActionBar.swift */; };
		B4838B7D2E212E20007276FD /* CompassMiniMapView.swift in Sources */ = {isa = PBXBuildFile; fileRef = B4838B7C2E212E20007276FD /* CompassMiniMapView.swift */; };
/* End PBXBuildFile section */

/* Begin PBXFileReference section */
		B437BE772E1E58FE0045436F /* Storm.app */ = {isa = PBXFileReference; explicitFileType = wrapper.application; includeInIndex = 0; path = Storm.app; sourceTree = BUILT_PRODUCTS_DIR; };
		B437BE7B2E1E58FE0045436F /* ContentView.swift */ = {isa = PBXFileReference; lastKnownFileType = sourcecode.swift; path = ContentView.swift; sourceTree = "<group>"; };
		B437BE852E1E59C40045436F /* Kernel.swift */ = {isa = PBXFileReference; lastKnownFileType = sourcecode.swift; path = Kernel.swift; sourceTree = "<group>"; };
		B437BE872E1E5DFA0045436F /* PluginHost.swift */ = {isa = PBXFileReference; lastKnownFileType = sourcecode.swift; path = PluginHost.swift; sourceTree = "<group>"; };
		B437BE892E1E5E500045436F /* HelloPlugin.swift */ = {isa = PBXFileReference; lastKnownFileType = sourcecode.swift; path = HelloPlugin.swift; sourceTree = "<group>"; };
		B437BE8B2E1E5F480045436F /* SystemRegistry.swift */ = {isa = PBXFileReference; lastKnownFileType = sourcecode.swift; path = SystemRegistry.swift; sourceTree = "<group>"; };
		B437BE8D2E1E61D20045436F /* ECSCore.swift */ = {isa = PBXFileReference; lastKnownFileType = sourcecode.swift; path = ECSCore.swift; sourceTree = "<group>"; };
		B437BE922E1E77AE0045436F /* libstorm.a */ = {isa = PBXFileReference; lastKnownFileType = archive.ar; path = libstorm.a; sourceTree = "<group>"; };
		B437BE942E1E8C1F0045436F /* libstorm-macos.a */ = {isa = PBXFileReference; lastKnownFileType = archive.ar; name = "libstorm-macos.a"; path = "libs/libstorm-macos.a"; sourceTree = "<group>"; };
		B437BE952E1E8C1F0045436F /* libstorm-ios.a */ = {isa = PBXFileReference; lastKnownFileType = archive.ar; name = "libstorm-ios.a"; path = "libs/libstorm-ios.a"; sourceTree = "<group>"; };
		B437BE962E1E8C1F0045436F /* libstorm-ios-sim.a */ = {isa = PBXFileReference; lastKnownFileType = archive.ar; name = "libstorm-ios-sim.a"; path = "libs/libstorm-ios-sim.a"; sourceTree = "<group>"; };
		B437BE9A2E1EA7550045436F /* UIComposer.swift */ = {isa = PBXFileReference; lastKnownFileType = sourcecode.swift; path = UIComposer.swift; sourceTree = "<group>"; };
		B437BE9C2E1EAAB20045436F /* UISchemaView.swift */ = {isa = PBXFileReference; lastKnownFileType = sourcecode.swift; path = UISchemaView.swift; sourceTree = "<group>"; };
		B437BEA02E1EC2350045436F /* UIScriptRouter.swift */ = {isa = PBXFileReference; lastKnownFileType = sourcecode.swift; path = UIScriptRouter.swift; sourceTree = "<group>"; };
		B437BEA62E1ED3030045436F /* README.md */ = {isa = PBXFileReference; lastKnownFileType = net.daringfireball.markdown; path = README.md; sourceTree = "<group>"; };
		B437BEA82E1ED36D0045436F /* ARCHITECTURE.md */ = {isa = PBXFileReference; lastKnownFileType = net.daringfireball.markdown; path = ARCHITECTURE.md; sourceTree = "<group>"; };
		B437BEA92E1F89810045436F /* StormRuntime.swift */ = {isa = PBXFileReference; lastKnownFileType = sourcecode.swift; path = StormRuntime.swift; sourceTree = "<group>"; };
		B4838B6E2E2041BF007276FD /* SceneViewContainer.swift */ = {isa = PBXFileReference; lastKnownFileType = sourcecode.swift; path = SceneViewContainer.swift; sourceTree = "<group>"; };
		B4838B702E204566007276FD /* SceneRendererService.swift */ = {isa = PBXFileReference; lastKnownFileType = sourcecode.swift; path = SceneRendererService.swift; sourceTree = "<group>"; };
		B4838B722E205373007276FD /* InteractiveSceneView.swift */ = {isa = PBXFileReference; lastKnownFileType = sourcecode.swift; path = InteractiveSceneView.swift; sourceTree = "<group>"; };
		B4838B742E20C880007276FD /* StormMainView.swift */ = {isa = PBXFileReference; lastKnownFileType = sourcecode.swift; path = StormMainView.swift; sourceTree = "<group>"; };
		B4838B762E20C9A3007276FD /* MiniMapView.swift */ = {isa = PBXFileReference; lastKnownFileType = sourcecode.swift; path = MiniMapView.swift; sourceTree = "<group>"; };
		B4838B782E20D050007276FD /* AgentDetailCard.swift */ = {isa = PBXFileReference; lastKnownFileType = sourcecode.swift; path = AgentDetailCard.swift; sourceTree = "<group>"; };
		B4838B7A2E20D08B007276FD /* ActionBar.swift */ = {isa = PBXFileReference; lastKnownFileType = sourcecode.swift; path = ActionBar.swift; sourceTree = "<group>"; };
		B4838B7C2E212E20007276FD /* CompassMiniMapView.swift */ = {isa = PBXFileReference; lastKnownFileType = sourcecode.swift; path = CompassMiniMapView.swift; sourceTree = "<group>"; };
/* End PBXFileReference section */

/* Begin PBXFileSystemSynchronizedRootGroup section */
		B437BE782E1E58FE0045436F /* App */ = {
			isa = PBXFileSystemSynchronizedRootGroup;
			path = App;
			sourceTree = "<group>";
		};
/* End PBXFileSystemSynchronizedRootGroup section */

/* Begin PBXFrameworksBuildPhase section */
		B437BE742E1E58FE0045436F /* Frameworks */ = {
			isa = PBXFrameworksBuildPhase;
			buildActionMask = 2147483647;
			files = (
				B437BE972E1E8C1F0045436F /* libstorm-macos.a in Frameworks */,
				B437BE992E1E8C1F0045436F /* libstorm-ios-sim.a in Frameworks */,
			);
			runOnlyForDeploymentPostprocessing = 0;
		};
/* End PBXFrameworksBuildPhase section */

/* Begin PBXGroup section */
		B437BE5B2E1E58AB0045436F = {
			isa = PBXGroup;
			children = (
				B437BEA62E1ED3030045436F /* README.md */,
				B437BEA72E1ED3410045436F /* docs */,
				B437BE782E1E58FE0045436F /* App */,
				B437BE832E1E592A0045436F /* Core */,
				B437BEA22E1ED1C20045436F /* Engine */,
				B437BEA32E1ED21C0045436F /* Plugins */,
				B437BE842E1E59610045436F /* UI */,
				B437BE912E1E77AE0045436F /* Frameworks */,
				B437BE652E1E58AB0045436F /* Products */,
			);
			sourceTree = "<group>";
		};
		B437BE652E1E58AB0045436F /* Products */ = {
			isa = PBXGroup;
			children = (
				B437BE772E1E58FE0045436F /* Storm.app */,
			);
			name = Products;
			sourceTree = "<group>";
		};
		B437BE832E1E592A0045436F /* Core */ = {
			isa = PBXGroup;
			children = (
				B437BE852E1E59C40045436F /* Kernel.swift */,
				B437BE872E1E5DFA0045436F /* PluginHost.swift */,
				B437BE8B2E1E5F480045436F /* SystemRegistry.swift */,
				B437BEA02E1EC2350045436F /* UIScriptRouter.swift */,
				B437BEA92E1F89810045436F /* StormRuntime.swift */,
			);
			path = Core;
			sourceTree = "<group>";
		};
		B437BE842E1E59610045436F /* UI */ = {
			isa = PBXGroup;
			children = (
				B437BE7B2E1E58FE0045436F /* ContentView.swift */,
				B437BE9C2E1EAAB20045436F /* UISchemaView.swift */,
				B437BE9A2E1EA7550045436F /* UIComposer.swift */,
				B4838B6E2E2041BF007276FD /* SceneViewContainer.swift */,
				B4838B722E205373007276FD /* InteractiveSceneView.swift */,
				B4838B742E20C880007276FD /* StormMainView.swift */,
				B4838B762E20C9A3007276FD /* MiniMapView.swift */,
				B4838B782E20D050007276FD /* AgentDetailCard.swift */,
				B4838B7A2E20D08B007276FD /* ActionBar.swift */,
				B4838B7C2E212E20007276FD /* CompassMiniMapView.swift */,
			);
			path = UI;
			sourceTree = "<group>";
		};
		B437BE912E1E77AE0045436F /* Frameworks */ = {
			isa = PBXGroup;
			children = (
				B437BE952E1E8C1F0045436F /* libstorm-ios.a */,
				B437BE962E1E8C1F0045436F /* libstorm-ios-sim.a */,
				B437BE942E1E8C1F0045436F /* libstorm-macos.a */,
				B437BE922E1E77AE0045436F /* libstorm.a */,
			);
			name = Frameworks;
			sourceTree = "<group>";
		};
		B437BEA22E1ED1C20045436F /* Engine */ = {
			isa = PBXGroup;
			children = (
				B437BE8D2E1E61D20045436F /* ECSCore.swift */,
				B4838B702E204566007276FD /* SceneRendererService.swift */,
			);
			path = Engine;
			sourceTree = "<group>";
		};
		B437BEA32E1ED21C0045436F /* Plugins */ = {
			isa = PBXGroup;
			children = (
				B437BE892E1E5E500045436F /* HelloPlugin.swift */,
			);
			path = Plugins;
			sourceTree = "<group>";
		};
		B437BEA72E1ED3410045436F /* docs */ = {
			isa = PBXGroup;
			children = (
				B437BEA82E1ED36D0045436F /* ARCHITECTURE.md */,
			);
			path = docs;
			sourceTree = "<group>";
		};
/* End PBXGroup section */

/* Begin PBXNativeTarget section */
		B437BE762E1E58FE0045436F /* Storm */ = {
			isa = PBXNativeTarget;
			buildConfigurationList = B437BE802E1E59000045436F /* Build configuration list for PBXNativeTarget "Storm" */;
			buildPhases = (
				B437BE732E1E58FE0045436F /* Sources */,
				B437BE742E1E58FE0045436F /* Frameworks */,
				B437BE752E1E58FE0045436F /* Resources */,
			);
			buildRules = (
			);
			dependencies = (
			);
			fileSystemSynchronizedGroups = (
				B437BE782E1E58FE0045436F /* App */,
			);
			name = Storm;
			packageProductDependencies = (
			);
			productName = Storm;
			productReference = B437BE772E1E58FE0045436F /* Storm.app */;
			productType = "com.apple.product-type.application";
		};
/* End PBXNativeTarget section */

/* Begin PBXProject section */
		B437BE5C2E1E58AB0045436F /* Project object */ = {
			isa = PBXProject;
			attributes = {
				BuildIndependentTargetsInParallel = 1;
				LastSwiftUpdateCheck = 1630;
				LastUpgradeCheck = 1630;
				TargetAttributes = {
					B437BE762E1E58FE0045436F = {
						CreatedOnToolsVersion = 16.3;
					};
				};
			};
			buildConfigurationList = B437BE5F2E1E58AB0045436F /* Build configuration list for PBXProject "storm" */;
			developmentRegion = en;
			hasScannedForEncodings = 0;
			knownRegions = (
				en,
				Base,
			);
			mainGroup = B437BE5B2E1E58AB0045436F;
			minimizedProjectReferenceProxies = 1;
			preferredProjectObjectVersion = 77;
			productRefGroup = B437BE652E1E58AB0045436F /* Products */;
			projectDirPath = "";
			projectRoot = "";
			targets = (
				B437BE762E1E58FE0045436F /* Storm */,
			);
		};
/* End PBXProject section */

/* Begin PBXResourcesBuildPhase section */
		B437BE752E1E58FE0045436F /* Resources */ = {
			isa = PBXResourcesBuildPhase;
			buildActionMask = 2147483647;
			files = (
			);
			runOnlyForDeploymentPostprocessing = 0;
		};
/* End PBXResourcesBuildPhase section */

/* Begin PBXSourcesBuildPhase section */
		B437BE732E1E58FE0045436F /* Sources */ = {
			isa = PBXSourcesBuildPhase;
			buildActionMask = 2147483647;
			files = (
				B4838B732E205373007276FD /* InteractiveSceneView.swift in Sources */,
				B4838B7B2E20D08B007276FD /* ActionBar.swift in Sources */,
				B437BE882E1E5DFA0045436F /* PluginHost.swift in Sources */,
				B437BE8C2E1E5F480045436F /* SystemRegistry.swift in Sources */,
				B4838B7D2E212E20007276FD /* CompassMiniMapView.swift in Sources */,
				B4838B712E204566007276FD /* SceneRendererService.swift in Sources */,
				B437BE8A2E1E5E500045436F /* HelloPlugin.swift in Sources */,
				B4838B772E20C9A3007276FD /* MiniMapView.swift in Sources */,
				B4838B792E20D050007276FD /* AgentDetailCard.swift in Sources */,
				B437BE9B2E1EA7550045436F /* UIComposer.swift in Sources */,
				B437BE8E2E1E61D20045436F /* ECSCore.swift in Sources */,
				B4838B6F2E2041BF007276FD /* SceneViewContainer.swift in Sources */,
				B437BEAA2E1F89810045436F /* StormRuntime.swift in Sources */,
				B437BE862E1E59C40045436F /* Kernel.swift in Sources */,
				B4838B752E20C880007276FD /* StormMainView.swift in Sources */,
				B437BE7C2E1E58FE0045436F /* ContentView.swift in Sources */,
				B437BE9D2E1EAAB20045436F /* UISchemaView.swift in Sources */,
				B437BEA12E1EC2350045436F /* UIScriptRouter.swift in Sources */,
			);
			runOnlyForDeploymentPostprocessing = 0;
		};
/* End PBXSourcesBuildPhase section */

/* Begin XCBuildConfiguration section */
		B437BE6E2E1E58AD0045436F /* Debug */ = {
			isa = XCBuildConfiguration;
			buildSettings = {
				ALWAYS_SEARCH_USER_PATHS = NO;
				ASSETCATALOG_COMPILER_GENERATE_SWIFT_ASSET_SYMBOL_EXTENSIONS = YES;
				CLANG_ANALYZER_NONNULL = YES;
				CLANG_ANALYZER_NUMBER_OBJECT_CONVERSION = YES_AGGRESSIVE;
				CLANG_CXX_LANGUAGE_STANDARD = "gnu++20";
				CLANG_ENABLE_MODULES = YES;
				CLANG_ENABLE_OBJC_ARC = YES;
				CLANG_ENABLE_OBJC_WEAK = YES;
				CLANG_WARN_BLOCK_CAPTURE_AUTORELEASING = YES;
				CLANG_WARN_BOOL_CONVERSION = YES;
				CLANG_WARN_COMMA = YES;
				CLANG_WARN_CONSTANT_CONVERSION = YES;
				CLANG_WARN_DEPRECATED_OBJC_IMPLEMENTATIONS = YES;
				CLANG_WARN_DIRECT_OBJC_ISA_USAGE = YES_ERROR;
				CLANG_WARN_DOCUMENTATION_COMMENTS = YES;
				CLANG_WARN_EMPTY_BODY = YES;
				CLANG_WARN_ENUM_CONVERSION = YES;
				CLANG_WARN_INFINITE_RECURSION = YES;
				CLANG_WARN_INT_CONVERSION = YES;
				CLANG_WARN_NON_LITERAL_NULL_CONVERSION = YES;
				CLANG_WARN_OBJC_IMPLICIT_RETAIN_SELF = YES;
				CLANG_WARN_OBJC_LITERAL_CONVERSION = YES;
				CLANG_WARN_OBJC_ROOT_CLASS = YES_ERROR;
				CLANG_WARN_QUOTED_INCLUDE_IN_FRAMEWORK_HEADER = YES;
				CLANG_WARN_RANGE_LOOP_ANALYSIS = YES;
				CLANG_WARN_STRICT_PROTOTYPES = YES;
				CLANG_WARN_SUSPICIOUS_MOVE = YES;
				CLANG_WARN_UNGUARDED_AVAILABILITY = YES_AGGRESSIVE;
				CLANG_WARN_UNREACHABLE_CODE = YES;
				CLANG_WARN__DUPLICATE_METHOD_MATCH = YES;
				COPY_PHASE_STRIP = NO;
				DEBUG_INFORMATION_FORMAT = dwarf;
				DEVELOPMENT_TEAM = 2F3E73M8TT;
				ENABLE_STRICT_OBJC_MSGSEND = YES;
				ENABLE_TESTABILITY = YES;
				ENABLE_USER_SCRIPT_SANDBOXING = YES;
				GCC_C_LANGUAGE_STANDARD = gnu17;
				GCC_DYNAMIC_NO_PIC = NO;
				GCC_NO_COMMON_BLOCKS = YES;
				GCC_OPTIMIZATION_LEVEL = 0;
				GCC_PREPROCESSOR_DEFINITIONS = (
					"DEBUG=1",
					"$(inherited)",
				);
				GCC_WARN_64_TO_32_BIT_CONVERSION = YES;
				GCC_WARN_ABOUT_RETURN_TYPE = YES_ERROR;
				GCC_WARN_UNDECLARED_SELECTOR = YES;
				GCC_WARN_UNINITIALIZED_AUTOS = YES_AGGRESSIVE;
				GCC_WARN_UNUSED_FUNCTION = YES;
				GCC_WARN_UNUSED_VARIABLE = YES;
				LOCALIZATION_PREFERS_STRING_CATALOGS = YES;
				MTL_ENABLE_DEBUG_INFO = INCLUDE_SOURCE;
				MTL_FAST_MATH = YES;
				ONLY_ACTIVE_ARCH = YES;
				SWIFT_ACTIVE_COMPILATION_CONDITIONS = "DEBUG $(inherited)";
				SWIFT_OPTIMIZATION_LEVEL = "-Onone";
			};
			name = Debug;
		};
		B437BE6F2E1E58AD0045436F /* Release */ = {
			isa = XCBuildConfiguration;
			buildSettings = {
				ALWAYS_SEARCH_USER_PATHS = NO;
				ASSETCATALOG_COMPILER_GENERATE_SWIFT_ASSET_SYMBOL_EXTENSIONS = YES;
				CLANG_ANALYZER_NONNULL = YES;
				CLANG_ANALYZER_NUMBER_OBJECT_CONVERSION = YES_AGGRESSIVE;
				CLANG_CXX_LANGUAGE_STANDARD = "gnu++20";
				CLANG_ENABLE_MODULES = YES;
				CLANG_ENABLE_OBJC_ARC = YES;
				CLANG_ENABLE_OBJC_WEAK = YES;
				CLANG_WARN_BLOCK_CAPTURE_AUTORELEASING = YES;
				CLANG_WARN_BOOL_CONVERSION = YES;
				CLANG_WARN_COMMA = YES;
				CLANG_WARN_CONSTANT_CONVERSION = YES;
				CLANG_WARN_DEPRECATED_OBJC_IMPLEMENTATIONS = YES;
				CLANG_WARN_DIRECT_OBJC_ISA_USAGE = YES_ERROR;
				CLANG_WARN_DOCUMENTATION_COMMENTS = YES;
				CLANG_WARN_EMPTY_BODY = YES;
				CLANG_WARN_ENUM_CONVERSION = YES;
				CLANG_WARN_INFINITE_RECURSION = YES;
				CLANG_WARN_INT_CONVERSION = YES;
				CLANG_WARN_NON_LITERAL_NULL_CONVERSION = YES;
				CLANG_WARN_OBJC_IMPLICIT_RETAIN_SELF = YES;
				CLANG_WARN_OBJC_LITERAL_CONVERSION = YES;
				CLANG_WARN_OBJC_ROOT_CLASS = YES_ERROR;
				CLANG_WARN_QUOTED_INCLUDE_IN_FRAMEWORK_HEADER = YES;
				CLANG_WARN_RANGE_LOOP_ANALYSIS = YES;
				CLANG_WARN_STRICT_PROTOTYPES = YES;
				CLANG_WARN_SUSPICIOUS_MOVE = YES;
				CLANG_WARN_UNGUARDED_AVAILABILITY = YES_AGGRESSIVE;
				CLANG_WARN_UNREACHABLE_CODE = YES;
				CLANG_WARN__DUPLICATE_METHOD_MATCH = YES;
				COPY_PHASE_STRIP = NO;
				DEBUG_INFORMATION_FORMAT = "dwarf-with-dsym";
				DEVELOPMENT_TEAM = 2F3E73M8TT;
				ENABLE_NS_ASSERTIONS = NO;
				ENABLE_STRICT_OBJC_MSGSEND = YES;
				ENABLE_USER_SCRIPT_SANDBOXING = YES;
				GCC_C_LANGUAGE_STANDARD = gnu17;
				GCC_NO_COMMON_BLOCKS = YES;
				GCC_WARN_64_TO_32_BIT_CONVERSION = YES;
				GCC_WARN_ABOUT_RETURN_TYPE = YES_ERROR;
				GCC_WARN_UNDECLARED_SELECTOR = YES;
				GCC_WARN_UNINITIALIZED_AUTOS = YES_AGGRESSIVE;
				GCC_WARN_UNUSED_FUNCTION = YES;
				GCC_WARN_UNUSED_VARIABLE = YES;
				LOCALIZATION_PREFERS_STRING_CATALOGS = YES;
				MTL_ENABLE_DEBUG_INFO = NO;
				MTL_FAST_MATH = YES;
				SWIFT_COMPILATION_MODE = wholemodule;
			};
			name = Release;
		};
		B437BE812E1E59000045436F /* Debug */ = {
			isa = XCBuildConfiguration;
			buildSettings = {
				ASSETCATALOG_COMPILER_APPICON_NAME = AppIcon;
				ASSETCATALOG_COMPILER_GLOBAL_ACCENT_COLOR_NAME = AccentColor;
				CODE_SIGN_ENTITLEMENTS = App/Storm.entitlements;
				CODE_SIGN_STYLE = Automatic;
				CURRENT_PROJECT_VERSION = 1;
				DEVELOPMENT_TEAM = 2F3E73M8TT;
				ENABLE_HARDENED_RUNTIME = YES;
				ENABLE_PREVIEWS = YES;
				GENERATE_INFOPLIST_FILE = YES;
				HEADER_SEARCH_PATHS = "$(SRCROOT)/RustCore";
				"INFOPLIST_KEY_UIApplicationSceneManifest_Generation[sdk=iphoneos*]" = YES;
				"INFOPLIST_KEY_UIApplicationSceneManifest_Generation[sdk=iphonesimulator*]" = YES;
				"INFOPLIST_KEY_UIApplicationSupportsIndirectInputEvents[sdk=iphoneos*]" = YES;
				"INFOPLIST_KEY_UIApplicationSupportsIndirectInputEvents[sdk=iphonesimulator*]" = YES;
				"INFOPLIST_KEY_UILaunchScreen_Generation[sdk=iphoneos*]" = YES;
				"INFOPLIST_KEY_UILaunchScreen_Generation[sdk=iphonesimulator*]" = YES;
				"INFOPLIST_KEY_UIStatusBarStyle[sdk=iphoneos*]" = UIStatusBarStyleDefault;
				"INFOPLIST_KEY_UIStatusBarStyle[sdk=iphonesimulator*]" = UIStatusBarStyleDefault;
				INFOPLIST_KEY_UISupportedInterfaceOrientations_iPad = "UIInterfaceOrientationPortrait UIInterfaceOrientationPortraitUpsideDown UIInterfaceOrientationLandscapeLeft UIInterfaceOrientationLandscapeRight";
				INFOPLIST_KEY_UISupportedInterfaceOrientations_iPhone = "UIInterfaceOrientationPortrait UIInterfaceOrientationLandscapeLeft UIInterfaceOrientationLandscapeRight";
				IPHONEOS_DEPLOYMENT_TARGET = 18.4;
				LD_RUNPATH_SEARCH_PATHS = "@executable_path/Frameworks";
				"LD_RUNPATH_SEARCH_PATHS[sdk=macosx*]" = "@executable_path/../Frameworks";
				LIBRARY_SEARCH_PATHS = (
					"$(inherited)",
					"$(PROJECT_DIR)",
					"$(SRCROOT)/.build-rust/release",
					"$(PROJECT_DIR)/libs",
				);
				MACOSX_DEPLOYMENT_TARGET = 15.4;
				MARKETING_VERSION = 1.0;
				MODULEMAP_FILE = RustCore/module.modulemap;
				PRODUCT_BUNDLE_IDENTIFIER = com.finalverse.Storm;
				PRODUCT_NAME = "$(TARGET_NAME)";
				REGISTER_APP_GROUPS = YES;
				SDKROOT = auto;
				SUPPORTED_PLATFORMS = "iphoneos iphonesimulator macosx xros xrsimulator";
				SWIFT_EMIT_LOC_STRINGS = YES;
				SWIFT_VERSION = 5.0;
				TARGETED_DEVICE_FAMILY = "1,2,7";
				XROS_DEPLOYMENT_TARGET = 2.4;
			};
			name = Debug;
		};
		B437BE822E1E59000045436F /* Release */ = {
			isa = XCBuildConfiguration;
			buildSettings = {
				ASSETCATALOG_COMPILER_APPICON_NAME = AppIcon;
				ASSETCATALOG_COMPILER_GLOBAL_ACCENT_COLOR_NAME = AccentColor;
				CODE_SIGN_ENTITLEMENTS = App/Storm.entitlements;
				CODE_SIGN_STYLE = Automatic;
				CURRENT_PROJECT_VERSION = 1;
				DEVELOPMENT_TEAM = 2F3E73M8TT;
				ENABLE_HARDENED_RUNTIME = YES;
				ENABLE_PREVIEWS = YES;
				GENERATE_INFOPLIST_FILE = YES;
				HEADER_SEARCH_PATHS = "$(SRCROOT)/RustCore";
				"INFOPLIST_KEY_UIApplicationSceneManifest_Generation[sdk=iphoneos*]" = YES;
				"INFOPLIST_KEY_UIApplicationSceneManifest_Generation[sdk=iphonesimulator*]" = YES;
				"INFOPLIST_KEY_UIApplicationSupportsIndirectInputEvents[sdk=iphoneos*]" = YES;
				"INFOPLIST_KEY_UIApplicationSupportsIndirectInputEvents[sdk=iphonesimulator*]" = YES;
				"INFOPLIST_KEY_UILaunchScreen_Generation[sdk=iphoneos*]" = YES;
				"INFOPLIST_KEY_UILaunchScreen_Generation[sdk=iphonesimulator*]" = YES;
				"INFOPLIST_KEY_UIStatusBarStyle[sdk=iphoneos*]" = UIStatusBarStyleDefault;
				"INFOPLIST_KEY_UIStatusBarStyle[sdk=iphonesimulator*]" = UIStatusBarStyleDefault;
				INFOPLIST_KEY_UISupportedInterfaceOrientations_iPad = "UIInterfaceOrientationPortrait UIInterfaceOrientationPortraitUpsideDown UIInterfaceOrientationLandscapeLeft UIInterfaceOrientationLandscapeRight";
				INFOPLIST_KEY_UISupportedInterfaceOrientations_iPhone = "UIInterfaceOrientationPortrait UIInterfaceOrientationLandscapeLeft UIInterfaceOrientationLandscapeRight";
				IPHONEOS_DEPLOYMENT_TARGET = 18.4;
				LD_RUNPATH_SEARCH_PATHS = "@executable_path/Frameworks";
				"LD_RUNPATH_SEARCH_PATHS[sdk=macosx*]" = "@executable_path/../Frameworks";
				LIBRARY_SEARCH_PATHS = (
					"$(inherited)",
					"$(PROJECT_DIR)",
					"$(SRCROOT)/.build-rust/release",
					"$(PROJECT_DIR)/libs",
				);
				MACOSX_DEPLOYMENT_TARGET = 15.4;
				MARKETING_VERSION = 1.0;
				MODULEMAP_FILE = RustCore/module.modulemap;
				PRODUCT_BUNDLE_IDENTIFIER = com.finalverse.Storm;
				PRODUCT_NAME = "$(TARGET_NAME)";
				REGISTER_APP_GROUPS = YES;
				SDKROOT = auto;
				SUPPORTED_PLATFORMS = "iphoneos iphonesimulator macosx xros xrsimulator";
				SWIFT_EMIT_LOC_STRINGS = YES;
				SWIFT_VERSION = 5.0;
				TARGETED_DEVICE_FAMILY = "1,2,7";
				XROS_DEPLOYMENT_TARGET = 2.4;
			};
			name = Release;
		};
/* End XCBuildConfiguration section */

/* Begin XCConfigurationList section */
		B437BE5F2E1E58AB0045436F /* Build configuration list for PBXProject "storm" */ = {
			isa = XCConfigurationList;
			buildConfigurations = (
				B437BE6E2E1E58AD0045436F /* Debug */,
				B437BE6F2E1E58AD0045436F /* Release */,
			);
			defaultConfigurationIsVisible = 0;
			defaultConfigurationName = Release;
		};
		B437BE802E1E59000045436F /* Build configuration list for PBXNativeTarget "Storm" */ = {
			isa = XCConfigurationList;
			buildConfigurations = (
				B437BE812E1E59000045436F /* Debug */,
				B437BE822E1E59000045436F /* Release */,
			);
			defaultConfigurationIsVisible = 0;
			defaultConfigurationName = Release;
		};
/* End XCConfigurationList section */
	};
	rootObject = B437BE5C2E1E58AB0045436F /* Project object */;
}
